{
    "default": {
        "six": {
            "version": "==1.10.0",
            "hash": "sha256:0ff78c403d9bccf5a425a6d31a12aa6b47f1c21ca4dc2573a7e2f32a97335eb1"
        },
        "cryptography": {
            "version": "==1.8.1",
            "hash": "sha256:8728179e44dc87f2cb60c5359d7cd0272f91729fa10b1d24a8f7811b90cc3fc3"
        },
        "pycparser": {
            "version": "==2.17",
            "hash": "sha256:0aac31e917c24cb3357f5a4d5566f2cc91a19ca41862f6c3c22dc60a629673b6"
        },
        "service_identity": {
            "version": "==16.0.0",
            "hash": "sha256:5c63e1532135f7171cb33e8b2f31c758c3ce0654e6eb198573e23d01128678d4"
        },
        "cffi": {
            "version": "==1.10.0",
            "hash": "sha256:b560916546b2f209d74b82bdbc3223cee9a165b0242fa00a06dfc48a2054864a"
        },
        "idna": {
            "version": "==2.5",
            "hash": "sha256:cc19709fd6d0cbfed39ea875d29ba6d4e22c0cebc510a76d6302a28385e8bb70"
        },
        "w3lib": {
            "version": "==1.17.0",
            "hash": "sha256:562373c5f7aab03e742ddcca5a5eb37ebd324a9f5403b2eccf610c211fad1eac"
        },
        "Twisted": {
            "version": "==17.1.0",
            "hash": "sha256:dbf211d70afe5b4442e3933ff01859533eba9f13d8b3e2e1b97dc2125e2d44dc"
        },
        "packaging": {
            "version": "==16.8",
            "hash": "sha256:99276dc6e3a7851f32027a68f1095cd3f77c148091b092ea867a351811cfe388"
        },
        "PyDispatcher": {
            "version": "==2.0.5",
            "hash": "sha256:5570069e1b1769af1fe481de6dd1d3a388492acddd2cdad7a3bde145615d5caf"
        },
        "incremental": {
            "version": "==16.10.1",
            "hash": "sha256:cc00a35f9e9621ddec0a5e7d17271f3f26244873c4aec67eda06f2db8302e04b"
        },
        "attrs": {
            "version": "==16.3.0",
            "hash": "sha256:c59426b15b45e39a7bc408eb6ba7e7188d9532764f873cc691199ddd975c97ef"
        },
        "pyparsing": {
            "version": "==2.2.0",
            "hash": "sha256:fee43f17a9c4087e7ed1605bd6df994c6173c1e977d7ade7b651292fab2bd010"
        },
        "Django": {
            "version": "==1.11",
            "hash": "sha256:0120b3b60760fb0617848b58aaa9702c0bf963320ed472f0879c5c55ab75b64a"
        },
        "ipaddress": {
            "version": "==1.0.18",
            "hash": "sha256:d34cf15d95ce9a734560f7400a8bd2ac2606f378e2a1d0eadbf1c98707e7c74a"
        },
        "queuelib": {
            "version": "==1.4.2",
            "hash": "sha256:c97f2120e070e2b8a5e8a60afe10bd7b3ae70c0994d6bb9c4d802b0448241339"
        },
        "appdirs": {
            "version": "==1.4.3",
            "hash": "sha256:d8b24664561d0d34ddfaec54636d502d7cea6e29c3eaf68f3df6180863e2166e"
        },
        "lxml": {
            "version": "==3.7.3",
            "hash": "sha256:aa502d78a51ee7d127b4824ff96500f0181d3c7826e6ee7b800d068be79361c7"
        },
        "enum34": {
            "version": "==1.1.6",
            "hash": "sha256:6bd0f6ad48ec2aa117d3d141940d484deccda84d4fcd884f5c3d93c23ecd8c79"
        },
        "pyasn1-modules": {
            "version": "==0.0.8",
            "hash": "sha256:6c955210b86fcff3420957072280560ddaf183aa761fb76240c20c322e01021d"
        },
        "constantly": {
            "version": "==15.1.0",
            "hash": "sha256:dd2fa9d6b1a51a83f0d7dd76293d734046aa176e384bf6e33b7e44880eb37c5d"
        },
        "Scrapy": {
            "version": "==1.3.3",
            "hash": "sha256:750674d2873842a1c5b23785d27047647dbd9cef14889afdb044adb5844071da"
        },
        "Automat": {
            "version": "==0.5.0",
            "hash": "sha256:294e91c3c52e3c2d3123230ed605e5a4b09cfc487716c9d218d118e2ef57c5c1"
        },
        "pyOpenSSL": {
            "version": "==16.2.0",
            "hash": "sha256:26ca380ddf272f7556e48064bbcd5bd71f83dfc144f3583501c7ddbd9434ee17"
        },
        "pytz": {
            "version": "==2017.2",
            "hash": "sha256:d1d6729c85acea5423671382868627129432fba9a89ecbb248d8d1c7a9f01c67"
        },
        "cssselect": {
            "version": "==1.0.1",
            "hash": "sha256:4f5f799a1d3182b04814007e9e7fc6c362f4489c7420d6b348cc901ece07ced9"
        },
        "setuptools": {
            "version": "==34.4.1",
            "hash": "sha256:1f7aac8b778446406ec5dcd5cc9305b375e7935e38f2fd3b1b70168c21a079d0"
        },
        "zope.interface": {
            "version": "==4.3.3",
            "hash": "sha256:d2b8f03930c7611998805f0ce4393388f43362a7c14160441def33d4b5ef9b15"
        },
        "requests": {
            "version": "==2.13.0",
            "hash": "sha256:1a720e8862a41aa22e339373b526f508ef0c8988baf48b84d3fc891a8e237efb"
        },
        "pyasn1": {
            "version": "==0.2.3",
            "hash": "sha256:0439b9bd518418260c2641a571f0e07fce4370cab13b68f19b5e023306c03cad"
        },
        "asn1crypto": {
            "version": "==0.22.0",
            "hash": "sha256:d232509fefcfcdb9a331f37e9c9dc20441019ad927c7d2176cf18ed5da0ba097"
        },
        "parsel": {
            "version": "==1.1.0",
            "hash": "sha256:69008061273a026ba31b44dafe205eee5fd5dac8ab2bbdfbaed0d30104d5a315"
        }
    },
    "develop": {},
    "_meta": {
        "sources": [
            {
                "url": "https://pypi.python.org/simple",
                "verify_ssl": true
            }
        ],
        "requires": {},
        "hash": {
            "sha256": "8a5e15d9156211cbb148147098303f74bf94788e3710666d863ef2d16c0f9bde"
        }
    }
}