{
    "_meta": {
        "hash": {
            "sha256": "3fb8534901b9c53ab2298362b6774cbed31ed48f03873ae13c81f3d6abec8aae"
        },
        "requires": {},
        "sources": [
            {
                "url": "https://pypi.python.org/simple",
                "verify_ssl": true
            }
        ]
    },
    "default": {
        "asn1crypto": {
            "version": "==0.22.0"
        },
        "attrs": {
            "version": "==17.2.0"
        },
        "automat": {
            "version": "==0.6.0"
        },
        "certifi": {
            "version": "==2017.7.27.1"
        },
        "cffi": {
            "version": "==1.11.0"
        },
        "chardet": {
            "version": "==3.0.4"
        },
        "constantly": {
            "version": "==15.1.0"
        },
        "cryptography": {
            "version": "==2.0.3"
        },
        "cssselect": {
            "version": "==1.0.1"
        },
        "django": {
            "version": "==1.11.5"
        },
        "django-filter": {
            "version": "==1.0.4"
        },
        "django-haystack": {
            "version": "==2.6.1"
        },
        "django-taggit": {
            "version": "==0.22.1"
        },
        "djangorestframework": {
            "version": "==3.6.4"
        },
        "elasticsearch": {
            "version": "==2.4.1"
        },
        "hyperlink": {
            "version": "==17.3.1"
        },
        "idna": {
            "version": "==2.6"
        },
        "incremental": {
            "version": "==17.5.0"
        },
        "lxml": {
            "version": "==4.0.0"
        },
        "parsel": {
            "version": "==1.2.0"
        },
        "py": {
            "version": "==1.4.34"
        },
        "pyasn1": {
            "version": "==0.3.6"
        },
        "pyasn1-modules": {
            "version": "==0.1.4"
        },
        "pycparser": {
            "version": "==2.18"
        },
        "pydispatcher": {
            "version": "==2.0.5"
        },
        "pyopenssl": {
            "version": "==17.3.0"
        },
        "pytest": {
            "version": "==3.2.2"
        },
        "pytest-django": {
            "version": "==3.1.2"
        },
        "python-dateutil": {
            "version": "==2.6.1"
        },
        "pytz": {
            "version": "==2017.2"
        },
        "queuelib": {
            "version": "==1.4.2"
        },
        "requests": {
            "version": "==2.18.4"
        },
        "scrapy": {
            "version": "==1.4.0"
        },
        "scrapy-djangoitem": {
            "version": "==1.1.1"
        },
        "service-identity": {
            "version": "==17.0.0"
        },
        "setuptools": {
            "version": "==36.5.0"
        },
        "six": {
            "version": "==1.11.0"
        },
        "twisted": {
            "version": "==17.5.0"
        },
        "urllib3": {
            "version": "==1.22"
        },
        "w3lib": {
            "version": "==1.18.0"
        },
        "zope.interface": {
            "version": "==4.4.2"
        }
    },
    "develop": {
        "appnope": {
            "version": "==0.1.0"
        },
        "coverage": {
            "version": "==4.4.1"
        },
        "decorator": {
            "version": "==4.1.2"
        },
        "django-extensions": {
            "version": "==1.9.1"
        },
        "ipython": {
            "version": "==6.2.0"
        },
        "ipython-genutils": {
            "version": "==0.2.0"
        },
        "jedi": {
            "version": "==0.11.0"
        },
        "markdown": {
            "version": "==2.6.9"
        },
        "parso": {
            "version": "==0.1.0"
        },
        "pexpect": {
            "version": "==4.2.1"
        },
        "pickleshare": {
            "version": "==0.7.4"
        },
        "prompt-toolkit": {
            "version": "==1.0.15"
        },
        "ptyprocess": {
            "version": "==0.5.2"
        },
        "pygments": {
            "version": "==2.2.0"
        },
        "setuptools": {
            "version": "==36.5.0"
        },
        "simplegeneric": {
            "version": "==0.8.1"
        },
        "six": {
            "version": "==1.11.0"
        },
        "traitlets": {
            "version": "==4.3.2"
        },
        "wcwidth": {
            "version": "==0.1.7"
        },
        "werkzeug": {
            "version": "==0.12.2"
        }
    }
}
